
Microsoft Visual Studio Solution File, Format Version 12.00
# Visual Studio Version 16
VisualStudioVersion = 16.0.28315.86
MinimumVisualStudioVersion = 10.0.40219.1
Project("{2150E333-8FDC-42A3-9474-1A3956D46DE8}") = "Engine", "Engine", "{CBA97BCF-69C4-4BED-831B-982082996257}"
EndProject
Project("{2150E333-8FDC-42A3-9474-1A3956D46DE8}") = "Games", "Games", "{F33EA7D4-D1A3-434C-A580-F7356E2F356E}"
EndProject
Project("{8BC9CEB8-8B4A-11D0-8D11-00A0C91BC942}") = "UE4", "Intermediate\ProjectFiles\UE4.vcxproj", "{096502E7-4B67-41E6-A601-601405AE1B0D}"
EndProject
Project("{8BC9CEB8-8B4A-11D0-8D11-00A0C91BC942}") = "SumoToUnreal", "Intermediate\ProjectFiles\SumoToUnreal.vcxproj", "{F0D2D633-7FFE-486C-9CC7-A1B71D58FCF1}"
EndProject
Project("{2150E333-8FDC-42A3-9474-1A3956D46DE8}") = "Visualizers", "Visualizers", "{DB415A54-B9EC-456D-B784-C5EC5036013C}"
	ProjectSection(SolutionItems) = preProject
		..\..\..\..\..\Program Files\Epic Games\UE_4.22\Engine\Extras\VisualStudioDebugging\UE4.natvis = ..\..\..\..\..\Program Files\Epic Games\UE_4.22\Engine\Extras\VisualStudioDebugging\UE4.natvis
	EndProjectSection
EndProject
Global
	GlobalSection(SolutionConfigurationPlatforms) = preSolution
		DebugGame Editor|HTML5 = DebugGame Editor|HTML5
		DebugGame Editor|Win32 = DebugGame Editor|Win32
		DebugGame Editor|Win64 = DebugGame Editor|Win64
		DebugGame|HTML5 = DebugGame|HTML5
		DebugGame|Win32 = DebugGame|Win32
		DebugGame|Win64 = DebugGame|Win64
		Development Editor|HTML5 = Development Editor|HTML5
		Development Editor|Win32 = Development Editor|Win32
		Development Editor|Win64 = Development Editor|Win64
		Development|HTML5 = Development|HTML5
		Development|Win32 = Development|Win32
		Development|Win64 = Development|Win64
		Shipping|HTML5 = Shipping|HTML5
		Shipping|Win32 = Shipping|Win32
		Shipping|Win64 = Shipping|Win64
	EndGlobalSection
	GlobalSection(ProjectConfigurationPlatforms) = postSolution
		{096502E7-4B67-41E6-A601-601405AE1B0D}.DebugGame Editor|HTML5.ActiveCfg = BuiltWithUnrealBuildTool|Win32
		{096502E7-4B67-41E6-A601-601405AE1B0D}.DebugGame Editor|Win32.ActiveCfg = BuiltWithUnrealBuildTool|Win32
		{096502E7-4B67-41E6-A601-601405AE1B0D}.DebugGame Editor|Win64.ActiveCfg = BuiltWithUnrealBuildTool|Win32
		{096502E7-4B67-41E6-A601-601405AE1B0D}.DebugGame|HTML5.ActiveCfg = BuiltWithUnrealBuildTool|Win32
		{096502E7-4B67-41E6-A601-601405AE1B0D}.DebugGame|Win32.ActiveCfg = BuiltWithUnrealBuildTool|Win32
		{096502E7-4B67-41E6-A601-601405AE1B0D}.DebugGame|Win64.ActiveCfg = BuiltWithUnrealBuildTool|Win32
		{096502E7-4B67-41E6-A601-601405AE1B0D}.Development Editor|HTML5.ActiveCfg = BuiltWithUnrealBuildTool|Win32
		{096502E7-4B67-41E6-A601-601405AE1B0D}.Development Editor|Win32.ActiveCfg = BuiltWithUnrealBuildTool|Win32
		{096502E7-4B67-41E6-A601-601405AE1B0D}.Development Editor|Win64.ActiveCfg = BuiltWithUnrealBuildTool|Win32
		{096502E7-4B67-41E6-A601-601405AE1B0D}.Development|HTML5.ActiveCfg = BuiltWithUnrealBuildTool|Win32
		{096502E7-4B67-41E6-A601-601405AE1B0D}.Development|Win32.ActiveCfg = BuiltWithUnrealBuildTool|Win32
		{096502E7-4B67-41E6-A601-601405AE1B0D}.Development|Win64.ActiveCfg = BuiltWithUnrealBuildTool|Win32
		{096502E7-4B67-41E6-A601-601405AE1B0D}.Shipping|HTML5.ActiveCfg = BuiltWithUnrealBuildTool|Win32
		{096502E7-4B67-41E6-A601-601405AE1B0D}.Shipping|Win32.ActiveCfg = BuiltWithUnrealBuildTool|Win32
		{096502E7-4B67-41E6-A601-601405AE1B0D}.Shipping|Win64.ActiveCfg = BuiltWithUnrealBuildTool|Win32
		{F0D2D633-7FFE-486C-9CC7-A1B71D58FCF1}.DebugGame Editor|HTML5.ActiveCfg = Invalid|Win32
		{F0D2D633-7FFE-486C-9CC7-A1B71D58FCF1}.DebugGame Editor|Win32.ActiveCfg = Invalid|Win32
		{F0D2D633-7FFE-486C-9CC7-A1B71D58FCF1}.DebugGame Editor|Win64.ActiveCfg = DebugGame_Editor|x64
		{F0D2D633-7FFE-486C-9CC7-A1B71D58FCF1}.DebugGame Editor|Win64.Build.0 = DebugGame_Editor|x64
		{F0D2D633-7FFE-486C-9CC7-A1B71D58FCF1}.DebugGame|HTML5.ActiveCfg = HTML5_DebugGame|Win32
		{F0D2D633-7FFE-486C-9CC7-A1B71D58FCF1}.DebugGame|HTML5.Build.0 = HTML5_DebugGame|Win32
		{F0D2D633-7FFE-486C-9CC7-A1B71D58FCF1}.DebugGame|Win32.ActiveCfg = DebugGame|Win32
		{F0D2D633-7FFE-486C-9CC7-A1B71D58FCF1}.DebugGame|Win32.Build.0 = DebugGame|Win32
		{F0D2D633-7FFE-486C-9CC7-A1B71D58FCF1}.DebugGame|Win64.ActiveCfg = DebugGame|x64
		{F0D2D633-7FFE-486C-9CC7-A1B71D58FCF1}.DebugGame|Win64.Build.0 = DebugGame|x64
		{F0D2D633-7FFE-486C-9CC7-A1B71D58FCF1}.Development Editor|HTML5.ActiveCfg = Invalid|Win32
		{F0D2D633-7FFE-486C-9CC7-A1B71D58FCF1}.Development Editor|Win32.ActiveCfg = Invalid|Win32
		{F0D2D633-7FFE-486C-9CC7-A1B71D58FCF1}.Development Editor|Win64.ActiveCfg = Development_Editor|x64
		{F0D2D633-7FFE-486C-9CC7-A1B71D58FCF1}.Development Editor|Win64.Build.0 = Development_Editor|x64
		{F0D2D633-7FFE-486C-9CC7-A1B71D58FCF1}.Development|HTML5.ActiveCfg = HTML5_Development|Win32
		{F0D2D633-7FFE-486C-9CC7-A1B71D58FCF1}.Development|HTML5.Build.0 = HTML5_Development|Win32
		{F0D2D633-7FFE-486C-9CC7-A1B71D58FCF1}.Development|Win32.ActiveCfg = Development|Win32
		{F0D2D633-7FFE-486C-9CC7-A1B71D58FCF1}.Development|Win32.Build.0 = Development|Win32
		{F0D2D633-7FFE-486C-9CC7-A1B71D58FCF1}.Development|Win64.ActiveCfg = Development|x64
		{F0D2D633-7FFE-486C-9CC7-A1B71D58FCF1}.Development|Win64.Build.0 = Development|x64
		{F0D2D633-7FFE-486C-9CC7-A1B71D58FCF1}.Shipping|HTML5.ActiveCfg = HTML5_Shipping|Win32
		{F0D2D633-7FFE-486C-9CC7-A1B71D58FCF1}.Shipping|HTML5.Build.0 = HTML5_Shipping|Win32
		{F0D2D633-7FFE-486C-9CC7-A1B71D58FCF1}.Shipping|Win32.ActiveCfg = Shipping|Win32
		{F0D2D633-7FFE-486C-9CC7-A1B71D58FCF1}.Shipping|Win32.Build.0 = Shipping|Win32
		{F0D2D633-7FFE-486C-9CC7-A1B71D58FCF1}.Shipping|Win64.ActiveCfg = Shipping|x64
		{F0D2D633-7FFE-486C-9CC7-A1B71D58FCF1}.Shipping|Win64.Build.0 = Shipping|x64
	EndGlobalSection
	GlobalSection(SolutionProperties) = preSolution
		HideSolutionNode = FALSE
	EndGlobalSection
	GlobalSection(NestedProjects) = preSolution
		{096502E7-4B67-41E6-A601-601405AE1B0D} = {CBA97BCF-69C4-4BED-831B-982082996257}
		{F0D2D633-7FFE-486C-9CC7-A1B71D58FCF1} = {F33EA7D4-D1A3-434C-A580-F7356E2F356E}
	EndGlobalSection
EndGlobal
