
Microsoft Visual Studio Solution File, Format Version 12.00
# Visual Studio Version 16
VisualStudioVersion = 16.0.28803.156
MinimumVisualStudioVersion = 10.0.40219.1
Project("{2150E333-8FDC-42A3-9474-1A3956D46DE8}") = "Engine", "Engine", "{7D8A269B-A764-42A9-A92E-CAC3C444A07A}"
EndProject
Project("{2150E333-8FDC-42A3-9474-1A3956D46DE8}") = "Games", "Games", "{662E45A3-1177-416A-836D-3FBB061B3DE4}"
EndProject
Project("{8BC9CEB8-8B4A-11D0-8D11-00A0C91BC942}") = "UE4", "Intermediate\ProjectFiles\UE4.vcxproj", "{1CE576B9-2DCA-4583-91F0-5342B2A4884F}"
EndProject
Project("{8BC9CEB8-8B4A-11D0-8D11-00A0C91BC942}") = "SumoToUnreal", "Intermediate\ProjectFiles\SumoToUnreal.vcxproj", "{23575EF3-3249-4530-AAE3-9C62210B35E4}"
EndProject
Project("{2150E333-8FDC-42A3-9474-1A3956D46DE8}") = "Visualizers", "Visualizers", "{C35896A8-C251-43CE-A492-45CEE586C345}"
EndProject
Project("{2150E333-8FDC-42A3-9474-1A3956D46DE8}") = "Engine", "Engine", "{DE7488FC-500B-4C6A-A852-4B5B53253719}"
	ProjectSection(SolutionItems) = preProject
		..\..\..\..\..\Program Files\Epic Games\UE_4.22\Engine\Extras\VisualStudioDebugging\UE4.natvis = ..\..\..\..\..\Program Files\Epic Games\UE_4.22\Engine\Extras\VisualStudioDebugging\UE4.natvis
	EndProjectSection
EndProject
Project("{2150E333-8FDC-42A3-9474-1A3956D46DE8}") = "Games", "Games", "{9891CD7C-D05F-4CAD-87C2-5EA8902CC0D0}"
EndProject
Project("{2150E333-8FDC-42A3-9474-1A3956D46DE8}") = "Visualizers", "Visualizers", "{672AC06A-E931-4774-B364-602A821BABFC}"
	ProjectSection(SolutionItems) = preProject
		..\..\..\..\..\..\Program Files\Epic Games\UE_4.22\Engine\Extras\VisualStudioDebugging\UE4.natvis = ..\..\..\..\..\..\Program Files\Epic Games\UE_4.22\Engine\Extras\VisualStudioDebugging\UE4.natvis
	EndProjectSection
EndProject
Global
	GlobalSection(SolutionConfigurationPlatforms) = preSolution
		DebugGame Editor|HTML5 = DebugGame Editor|HTML5
		DebugGame Editor|Win32 = DebugGame Editor|Win32
		DebugGame Editor|Win64 = DebugGame Editor|Win64
		DebugGame|HTML5 = DebugGame|HTML5
		DebugGame|Win32 = DebugGame|Win32
		DebugGame|Win64 = DebugGame|Win64
		Development Editor|HTML5 = Development Editor|HTML5
		Development Editor|Win32 = Development Editor|Win32
		Development Editor|Win64 = Development Editor|Win64
		Development|HTML5 = Development|HTML5
		Development|Win32 = Development|Win32
		Development|Win64 = Development|Win64
		Shipping|HTML5 = Shipping|HTML5
		Shipping|Win32 = Shipping|Win32
		Shipping|Win64 = Shipping|Win64
	EndGlobalSection
	GlobalSection(ProjectConfigurationPlatforms) = postSolution
		{1CE576B9-2DCA-4583-91F0-5342B2A4884F}.DebugGame Editor|HTML5.ActiveCfg = BuiltWithUnrealBuildTool|Win32
		{1CE576B9-2DCA-4583-91F0-5342B2A4884F}.DebugGame Editor|Win32.ActiveCfg = BuiltWithUnrealBuildTool|Win32
		{1CE576B9-2DCA-4583-91F0-5342B2A4884F}.DebugGame Editor|Win64.ActiveCfg = BuiltWithUnrealBuildTool|Win32
		{1CE576B9-2DCA-4583-91F0-5342B2A4884F}.DebugGame|HTML5.ActiveCfg = BuiltWithUnrealBuildTool|Win32
		{1CE576B9-2DCA-4583-91F0-5342B2A4884F}.DebugGame|Win32.ActiveCfg = BuiltWithUnrealBuildTool|Win32
		{1CE576B9-2DCA-4583-91F0-5342B2A4884F}.DebugGame|Win64.ActiveCfg = BuiltWithUnrealBuildTool|Win32
		{1CE576B9-2DCA-4583-91F0-5342B2A4884F}.Development Editor|HTML5.ActiveCfg = BuiltWithUnrealBuildTool|Win32
		{1CE576B9-2DCA-4583-91F0-5342B2A4884F}.Development Editor|Win32.ActiveCfg = BuiltWithUnrealBuildTool|Win32
		{1CE576B9-2DCA-4583-91F0-5342B2A4884F}.Development Editor|Win64.ActiveCfg = BuiltWithUnrealBuildTool|Win32
		{1CE576B9-2DCA-4583-91F0-5342B2A4884F}.Development|HTML5.ActiveCfg = BuiltWithUnrealBuildTool|Win32
		{1CE576B9-2DCA-4583-91F0-5342B2A4884F}.Development|Win32.ActiveCfg = BuiltWithUnrealBuildTool|Win32
		{1CE576B9-2DCA-4583-91F0-5342B2A4884F}.Development|Win64.ActiveCfg = BuiltWithUnrealBuildTool|Win32
		{1CE576B9-2DCA-4583-91F0-5342B2A4884F}.Shipping|HTML5.ActiveCfg = BuiltWithUnrealBuildTool|Win32
		{1CE576B9-2DCA-4583-91F0-5342B2A4884F}.Shipping|Win32.ActiveCfg = BuiltWithUnrealBuildTool|Win32
		{1CE576B9-2DCA-4583-91F0-5342B2A4884F}.Shipping|Win64.ActiveCfg = BuiltWithUnrealBuildTool|Win32
		{23575EF3-3249-4530-AAE3-9C62210B35E4}.DebugGame Editor|HTML5.ActiveCfg = Invalid|Win32
		{23575EF3-3249-4530-AAE3-9C62210B35E4}.DebugGame Editor|Win32.ActiveCfg = Invalid|Win32
		{23575EF3-3249-4530-AAE3-9C62210B35E4}.DebugGame Editor|Win64.ActiveCfg = DebugGame_Editor|x64
		{23575EF3-3249-4530-AAE3-9C62210B35E4}.DebugGame Editor|Win64.Build.0 = DebugGame_Editor|x64
		{23575EF3-3249-4530-AAE3-9C62210B35E4}.DebugGame|HTML5.ActiveCfg = HTML5_DebugGame|Win32
		{23575EF3-3249-4530-AAE3-9C62210B35E4}.DebugGame|HTML5.Build.0 = HTML5_DebugGame|Win32
		{23575EF3-3249-4530-AAE3-9C62210B35E4}.DebugGame|Win32.ActiveCfg = DebugGame|Win32
		{23575EF3-3249-4530-AAE3-9C62210B35E4}.DebugGame|Win32.Build.0 = DebugGame|Win32
		{23575EF3-3249-4530-AAE3-9C62210B35E4}.DebugGame|Win64.ActiveCfg = DebugGame|x64
		{23575EF3-3249-4530-AAE3-9C62210B35E4}.DebugGame|Win64.Build.0 = DebugGame|x64
		{23575EF3-3249-4530-AAE3-9C62210B35E4}.Development Editor|HTML5.ActiveCfg = Invalid|Win32
		{23575EF3-3249-4530-AAE3-9C62210B35E4}.Development Editor|Win32.ActiveCfg = Invalid|Win32
		{23575EF3-3249-4530-AAE3-9C62210B35E4}.Development Editor|Win64.ActiveCfg = Development_Editor|x64
		{23575EF3-3249-4530-AAE3-9C62210B35E4}.Development Editor|Win64.Build.0 = Development_Editor|x64
		{23575EF3-3249-4530-AAE3-9C62210B35E4}.Development|HTML5.ActiveCfg = HTML5_Development|Win32
		{23575EF3-3249-4530-AAE3-9C62210B35E4}.Development|HTML5.Build.0 = HTML5_Development|Win32
		{23575EF3-3249-4530-AAE3-9C62210B35E4}.Development|Win32.ActiveCfg = Development|Win32
		{23575EF3-3249-4530-AAE3-9C62210B35E4}.Development|Win32.Build.0 = Development|Win32
		{23575EF3-3249-4530-AAE3-9C62210B35E4}.Development|Win64.ActiveCfg = Development|x64
		{23575EF3-3249-4530-AAE3-9C62210B35E4}.Development|Win64.Build.0 = Development|x64
		{23575EF3-3249-4530-AAE3-9C62210B35E4}.Shipping|HTML5.ActiveCfg = HTML5_Shipping|Win32
		{23575EF3-3249-4530-AAE3-9C62210B35E4}.Shipping|HTML5.Build.0 = HTML5_Shipping|Win32
		{23575EF3-3249-4530-AAE3-9C62210B35E4}.Shipping|Win32.ActiveCfg = Shipping|Win32
		{23575EF3-3249-4530-AAE3-9C62210B35E4}.Shipping|Win32.Build.0 = Shipping|Win32
		{23575EF3-3249-4530-AAE3-9C62210B35E4}.Shipping|Win64.ActiveCfg = Shipping|x64
		{23575EF3-3249-4530-AAE3-9C62210B35E4}.Shipping|Win64.Build.0 = Shipping|x64
	EndGlobalSection
	GlobalSection(SolutionProperties) = preSolution
		HideSolutionNode = FALSE
	EndGlobalSection
	GlobalSection(NestedProjects) = preSolution
		{1CE576B9-2DCA-4583-91F0-5342B2A4884F} = {7D8A269B-A764-42A9-A92E-CAC3C444A07A}
		{23575EF3-3249-4530-AAE3-9C62210B35E4} = {662E45A3-1177-416A-836D-3FBB061B3DE4}
	EndGlobalSection
	GlobalSection(ExtensibilityGlobals) = postSolution
		SolutionGuid = {7E122487-AB51-4E67-B09F-DF812217F9B2}
	EndGlobalSection
EndGlobal
